
Microsoft Visual Studio Solution File, Format Version 12.00
# Visual Studio Version 17
VisualStudioVersion = 17.9.34622.214
MinimumVisualStudioVersion = 10.0.40219.1
Project("{FAE04EC0-301F-11D3-BF4B-00C04F79EFBC}") = "DMCleaner", "DMCleaner.csproj", "{31FFF507-D41C-4C78-88C0-6C0237D90686}"
EndProject
Global
	GlobalSection(SolutionConfigurationPlatforms) = preSolution
		Debug|Any CPU = Debug|Any CPU
		Release|Any CPU = Release|Any CPU
	EndGlobalSection
	GlobalSection(ProjectConfigurationPlatforms) = postSolution
		{31FFF507-D41C-4C78-88C0-6C0237D90686}.Debug|Any CPU.ActiveCfg = Debug|Any CPU
		{31FFF507-D41C-4C78-88C0-6C0237D90686}.Debug|Any CPU.Build.0 = Debug|Any CPU
		{31FFF507-D41C-4C78-88C0-6C0237D90686}.Release|Any CPU.ActiveCfg = Release|Any CPU
		{31FFF507-D41C-4C78-88C0-6C0237D90686}.Release|Any CPU.Build.0 = Release|Any CPU
	EndGlobalSection
	GlobalSection(SolutionProperties) = preSolution
		HideSolutionNode = FALSE
	EndGlobalSection
	GlobalSection(ExtensibilityGlobals) = postSolution
		SolutionGuid = {F3DC56D9-A5F7-416F-BF77-019E9936AA3C}
	EndGlobalSection
EndGlobal
